// !$*UTF8*$!
{
	archiveVersion = 1;
	classes = {
	};
	objectVersion = 56;
	objects = {

/* Begin PBXBuildFile section */
		0C50443F2BB054E300B0FF6C /* AppDelegate.swift in Sources */ = {isa = PBXBuildFile; fileRef = 0C50443E2BB054E300B0FF6C /* AppDelegate.swift */; };
		0C5044412BB054E300B0FF6C /* SceneDelegate.swift in Sources */ = {isa = PBXBuildFile; fileRef = 0C5044402BB054E300B0FF6C /* SceneDelegate.swift */; };
		0C5044432BB054E300B0FF6C /* ViewController.swift in Sources */ = {isa = PBXBuildFile; fileRef = 0C5044422BB054E300B0FF6C /* ViewController.swift */; };
		0C5044482BB054E500B0FF6C /* Assets.xcassets in Resources */ = {isa = PBXBuildFile; fileRef = 0C5044472BB054E500B0FF6C /* Assets.xcassets */; };
		0C50444B2BB054E500B0FF6C /* LaunchScreen.storyboard in Resources */ = {isa = PBXBuildFile; fileRef = 0C5044492BB054E500B0FF6C /* LaunchScreen.storyboard */; };
		0C5044542BB0572C00B0FF6C /* CustomLable.swift in Sources */ = {isa = PBXBuildFile; fileRef = 0C5044532BB0572C00B0FF6C /* CustomLable.swift */; };
		0C5044562BB0587A00B0FF6C /* CustomTextField.swift in Sources */ = {isa = PBXBuildFile; fileRef = 0C5044552BB0587A00B0FF6C /* CustomTextField.swift */; };
		0C5044582BB0697200B0FF6C /* CustomButton.swift in Sources */ = {isa = PBXBuildFile; fileRef = 0C5044572BB0697200B0FF6C /* CustomButton.swift */; };
		BE54D7D6345A30178A60AE86 /* Pods_FilmBox.framework in Frameworks */ = {isa = PBXBuildFile; fileRef = 79A3F86053E0FDF1C5CB727C /* Pods_FilmBox.framework */; };
/* End PBXBuildFile section */

/* Begin PBXFileReference section */
		0C50443B2BB054E300B0FF6C /* FilmBox.app */ = {isa = PBXFileReference; explicitFileType = wrapper.application; includeInIndex = 0; path = FilmBox.app; sourceTree = BUILT_PRODUCTS_DIR; };
		0C50443E2BB054E300B0FF6C /* AppDelegate.swift */ = {isa = PBXFileReference; lastKnownFileType = sourcecode.swift; path = AppDelegate.swift; sourceTree = "<group>"; };
		0C5044402BB054E300B0FF6C /* SceneDelegate.swift */ = {isa = PBXFileReference; lastKnownFileType = sourcecode.swift; path = SceneDelegate.swift; sourceTree = "<group>"; };
		0C5044422BB054E300B0FF6C /* ViewController.swift */ = {isa = PBXFileReference; lastKnownFileType = sourcecode.swift; path = ViewController.swift; sourceTree = "<group>"; };
		0C5044472BB054E500B0FF6C /* Assets.xcassets */ = {isa = PBXFileReference; lastKnownFileType = folder.assetcatalog; path = Assets.xcassets; sourceTree = "<group>"; };
		0C50444A2BB054E500B0FF6C /* Base */ = {isa = PBXFileReference; lastKnownFileType = file.storyboard; name = Base; path = Base.lproj/LaunchScreen.storyboard; sourceTree = "<group>"; };
		0C50444C2BB054E500B0FF6C /* Info.plist */ = {isa = PBXFileReference; lastKnownFileType = text.plist.xml; path = Info.plist; sourceTree = "<group>"; };
		0C5044532BB0572C00B0FF6C /* CustomLable.swift */ = {isa = PBXFileReference; lastKnownFileType = sourcecode.swift; path = CustomLable.swift; sourceTree = "<group>"; };
		0C5044552BB0587A00B0FF6C /* CustomTextField.swift */ = {isa = PBXFileReference; lastKnownFileType = sourcecode.swift; path = CustomTextField.swift; sourceTree = "<group>"; };
		0C5044572BB0697200B0FF6C /* CustomButton.swift */ = {isa = PBXFileReference; lastKnownFileType = sourcecode.swift; path = CustomButton.swift; sourceTree = "<group>"; };
		17E61DD2EA745BE26DC97D36 /* Pods-FilmBox.debug.xcconfig */ = {isa = PBXFileReference; includeInIndex = 1; lastKnownFileType = text.xcconfig; name = "Pods-FilmBox.debug.xcconfig"; path = "Target Support Files/Pods-FilmBox/Pods-FilmBox.debug.xcconfig"; sourceTree = "<group>"; };
		69498B13401076C4333C7CC1 /* Pods-FilmBox.release.xcconfig */ = {isa = PBXFileReference; includeInIndex = 1; lastKnownFileType = text.xcconfig; name = "Pods-FilmBox.release.xcconfig"; path = "Target Support Files/Pods-FilmBox/Pods-FilmBox.release.xcconfig"; sourceTree = "<group>"; };
		79A3F86053E0FDF1C5CB727C /* Pods_FilmBox.framework */ = {isa = PBXFileReference; explicitFileType = wrapper.framework; includeInIndex = 0; path = Pods_FilmBox.framework; sourceTree = BUILT_PRODUCTS_DIR; };
/* End PBXFileReference section */

/* Begin PBXFrameworksBuildPhase section */
		0C5044382BB054E300B0FF6C /* Frameworks */ = {
			isa = PBXFrameworksBuildPhase;
			buildActionMask = 2147483647;
			files = (
				BE54D7D6345A30178A60AE86 /* Pods_FilmBox.framework in Frameworks */,
			);
			runOnlyForDeploymentPostprocessing = 0;
		};
/* End PBXFrameworksBuildPhase section */

/* Begin PBXGroup section */
		0C5044322BB054E300B0FF6C = {
			isa = PBXGroup;
			children = (
				0C50443D2BB054E300B0FF6C /* FilmBox */,
				0C50443C2BB054E300B0FF6C /* Products */,
				CE50AC33CD0F6C903F5245E0 /* Pods */,
				1E6B1F4F7BB35193460CC90F /* Frameworks */,
			);
			sourceTree = "<group>";
		};
		0C50443C2BB054E300B0FF6C /* Products */ = {
			isa = PBXGroup;
			children = (
				0C50443B2BB054E300B0FF6C /* FilmBox.app */,
			);
			name = Products;
			sourceTree = "<group>";
		};
		0C50443D2BB054E300B0FF6C /* FilmBox */ = {
			isa = PBXGroup;
			children = (
				0C50443E2BB054E300B0FF6C /* AppDelegate.swift */,
				0C5044402BB054E300B0FF6C /* SceneDelegate.swift */,
				0C5044522BB0571700B0FF6C /* UI */,
				0C5044422BB054E300B0FF6C /* ViewController.swift */,
				0C5044472BB054E500B0FF6C /* Assets.xcassets */,
				0C5044492BB054E500B0FF6C /* LaunchScreen.storyboard */,
				0C50444C2BB054E500B0FF6C /* Info.plist */,
			);
			path = FilmBox;
			sourceTree = "<group>";
		};
		0C5044522BB0571700B0FF6C /* UI */ = {
			isa = PBXGroup;
			children = (
				0C5044532BB0572C00B0FF6C /* CustomLable.swift */,
				0C5044552BB0587A00B0FF6C /* CustomTextField.swift */,
				0C5044572BB0697200B0FF6C /* CustomButton.swift */,
			);
			path = UI;
			sourceTree = "<group>";
		};
		1E6B1F4F7BB35193460CC90F /* Frameworks */ = {
			isa = PBXGroup;
			children = (
				79A3F86053E0FDF1C5CB727C /* Pods_FilmBox.framework */,
			);
			name = Frameworks;
			sourceTree = "<group>";
		};
		CE50AC33CD0F6C903F5245E0 /* Pods */ = {
			isa = PBXGroup;
			children = (
				17E61DD2EA745BE26DC97D36 /* Pods-FilmBox.debug.xcconfig */,
				69498B13401076C4333C7CC1 /* Pods-FilmBox.release.xcconfig */,
			);
			path = Pods;
			sourceTree = "<group>";
		};
/* End PBXGroup section */

/* Begin PBXNativeTarget section */
		0C50443A2BB054E300B0FF6C /* FilmBox */ = {
			isa = PBXNativeTarget;
			buildConfigurationList = 0C50444F2BB054E500B0FF6C /* Build configuration list for PBXNativeTarget "FilmBox" */;
			buildPhases = (
				5B1AD00A66584A5D20FAA051 /* [CP] Check Pods Manifest.lock */,
				0C5044372BB054E300B0FF6C /* Sources */,
				0C5044382BB054E300B0FF6C /* Frameworks */,
				0C5044392BB054E300B0FF6C /* Resources */,
				6423E4E776F31364FCB4FC30 /* [CP] Embed Pods Frameworks */,
			);
			buildRules = (
			);
			dependencies = (
			);
			name = FilmBox;
			productName = FilmBox;
			productReference = 0C50443B2BB054E300B0FF6C /* FilmBox.app */;
			productType = "com.apple.product-type.application";
		};
/* End PBXNativeTarget section */

/* Begin PBXProject section */
		0C5044332BB054E300B0FF6C /* Project object */ = {
			isa = PBXProject;
			attributes = {
				BuildIndependentTargetsInParallel = 1;
				LastSwiftUpdateCheck = 1500;
				LastUpgradeCheck = 1500;
				TargetAttributes = {
					0C50443A2BB054E300B0FF6C = {
						CreatedOnToolsVersion = 15.0.1;
					};
				};
			};
			buildConfigurationList = 0C5044362BB054E300B0FF6C /* Build configuration list for PBXProject "FilmBox" */;
			compatibilityVersion = "Xcode 14.0";
			developmentRegion = en;
			hasScannedForEncodings = 0;
			knownRegions = (
				en,
				Base,
			);
			mainGroup = 0C5044322BB054E300B0FF6C;
			productRefGroup = 0C50443C2BB054E300B0FF6C /* Products */;
			projectDirPath = "";
			projectRoot = "";
			targets = (
				0C50443A2BB054E300B0FF6C /* FilmBox */,
			);
		};
/* End PBXProject section */

/* Begin PBXResourcesBuildPhase section */
		0C5044392BB054E300B0FF6C /* Resources */ = {
			isa = PBXResourcesBuildPhase;
			buildActionMask = 2147483647;
			files = (
				0C50444B2BB054E500B0FF6C /* LaunchScreen.storyboard in Resources */,
				0C5044482BB054E500B0FF6C /* Assets.xcassets in Resources */,
			);
			runOnlyForDeploymentPostprocessing = 0;
		};
/* End PBXResourcesBuildPhase section */

/* Begin PBXShellScriptBuildPhase section */
		5B1AD00A66584A5D20FAA051 /* [CP] Check Pods Manifest.lock */ = {
			isa = PBXShellScriptBuildPhase;
			buildActionMask = 2147483647;
			files = (
			);
			inputFileListPaths = (
			);
			inputPaths = (
				"${PODS_PODFILE_DIR_PATH}/Podfile.lock",
				"${PODS_ROOT}/Manifest.lock",
			);
			name = "[CP] Check Pods Manifest.lock";
			outputFileListPaths = (
			);
			outputPaths = (
				"$(DERIVED_FILE_DIR)/Pods-FilmBox-checkManifestLockResult.txt",
			);
			runOnlyForDeploymentPostprocessing = 0;
			shellPath = /bin/sh;
			shellScript = "diff \"${PODS_PODFILE_DIR_PATH}/Podfile.lock\" \"${PODS_ROOT}/Manifest.lock\" > /dev/null\nif [ $? != 0 ] ; then\n    # print error to STDERR\n    echo \"error: The sandbox is not in sync with the Podfile.lock. Run 'pod install' or update your CocoaPods installation.\" >&2\n    exit 1\nfi\n# This output is used by Xcode 'outputs' to avoid re-running this script phase.\necho \"SUCCESS\" > \"${SCRIPT_OUTPUT_FILE_0}\"\n";
			showEnvVarsInLog = 0;
		};
		6423E4E776F31364FCB4FC30 /* [CP] Embed Pods Frameworks */ = {
			isa = PBXShellScriptBuildPhase;
			buildActionMask = 2147483647;
			files = (
			);
			inputFileListPaths = (
				"${PODS_ROOT}/Target Support Files/Pods-FilmBox/Pods-FilmBox-frameworks-${CONFIGURATION}-input-files.xcfilelist",
			);
			name = "[CP] Embed Pods Frameworks";
			outputFileListPaths = (
				"${PODS_ROOT}/Target Support Files/Pods-FilmBox/Pods-FilmBox-frameworks-${CONFIGURATION}-output-files.xcfilelist",
			);
			runOnlyForDeploymentPostprocessing = 0;
			shellPath = /bin/sh;
			shellScript = "\"${PODS_ROOT}/Target Support Files/Pods-FilmBox/Pods-FilmBox-frameworks.sh\"\n";
			showEnvVarsInLog = 0;
		};
/* End PBXShellScriptBuildPhase section */

/* Begin PBXSourcesBuildPhase section */
		0C5044372BB054E300B0FF6C /* Sources */ = {
			isa = PBXSourcesBuildPhase;
			buildActionMask = 2147483647;
			files = (
				0C5044432BB054E300B0FF6C /* ViewController.swift in Sources */,
				0C50443F2BB054E300B0FF6C /* AppDelegate.swift in Sources */,
				0C5044582BB0697200B0FF6C /* CustomButton.swift in Sources */,
				0C5044412BB054E300B0FF6C /* SceneDelegate.swift in Sources */,
				0C5044562BB0587A00B0FF6C /* CustomTextField.swift in Sources */,
				0C5044542BB0572C00B0FF6C /* CustomLable.swift in Sources */,
			);
			runOnlyForDeploymentPostprocessing = 0;
		};
/* End PBXSourcesBuildPhase section */

/* Begin PBXVariantGroup section */
		0C5044492BB054E500B0FF6C /* LaunchScreen.storyboard */ = {
			isa = PBXVariantGroup;
			children = (
				0C50444A2BB054E500B0FF6C /* Base */,
			);
			name = LaunchScreen.storyboard;
			sourceTree = "<group>";
		};
/* End PBXVariantGroup section */

/* Begin XCBuildConfiguration section */
		0C50444D2BB054E500B0FF6C /* Debug */ = {
			isa = XCBuildConfiguration;
			buildSettings = {
				ALWAYS_SEARCH_USER_PATHS = NO;
				ASSETCATALOG_COMPILER_GENERATE_SWIFT_ASSET_SYMBOL_EXTENSIONS = YES;
				CLANG_ANALYZER_NONNULL = YES;
				CLANG_ANALYZER_NUMBER_OBJECT_CONVERSION = YES_AGGRESSIVE;
				CLANG_CXX_LANGUAGE_STANDARD = "gnu++20";
				CLANG_ENABLE_MODULES = YES;
				CLANG_ENABLE_OBJC_ARC = YES;
				CLANG_ENABLE_OBJC_WEAK = YES;
				CLANG_WARN_BLOCK_CAPTURE_AUTORELEASING = YES;
				CLANG_WARN_BOOL_CONVERSION = YES;
				CLANG_WARN_COMMA = YES;
				CLANG_WARN_CONSTANT_CONVERSION = YES;
				CLANG_WARN_DEPRECATED_OBJC_IMPLEMENTATIONS = YES;
				CLANG_WARN_DIRECT_OBJC_ISA_USAGE = YES_ERROR;
				CLANG_WARN_DOCUMENTATION_COMMENTS = YES;
				CLANG_WARN_EMPTY_BODY = YES;
				CLANG_WARN_ENUM_CONVERSION = YES;
				CLANG_WARN_INFINITE_RECURSION = YES;
				CLANG_WARN_INT_CONVERSION = YES;
				CLANG_WARN_NON_LITERAL_NULL_CONVERSION = YES;
				CLANG_WARN_OBJC_IMPLICIT_RETAIN_SELF = YES;
				CLANG_WARN_OBJC_LITERAL_CONVERSION = YES;
				CLANG_WARN_OBJC_ROOT_CLASS = YES_ERROR;
				CLANG_WARN_QUOTED_INCLUDE_IN_FRAMEWORK_HEADER = YES;
				CLANG_WARN_RANGE_LOOP_ANALYSIS = YES;
				CLANG_WARN_STRICT_PROTOTYPES = YES;
				CLANG_WARN_SUSPICIOUS_MOVE = YES;
				CLANG_WARN_UNGUARDED_AVAILABILITY = YES_AGGRESSIVE;
				CLANG_WARN_UNREACHABLE_CODE = YES;
				CLANG_WARN__DUPLICATE_METHOD_MATCH = YES;
				COPY_PHASE_STRIP = NO;
				DEBUG_INFORMATION_FORMAT = dwarf;
				ENABLE_STRICT_OBJC_MSGSEND = YES;
				ENABLE_TESTABILITY = YES;
				ENABLE_USER_SCRIPT_SANDBOXING = NO;
				GCC_C_LANGUAGE_STANDARD = gnu17;
				GCC_DYNAMIC_NO_PIC = NO;
				GCC_NO_COMMON_BLOCKS = YES;
				GCC_OPTIMIZATION_LEVEL = 0;
				GCC_PREPROCESSOR_DEFINITIONS = (
					"DEBUG=1",
					"$(inherited)",
				);
				GCC_WARN_64_TO_32_BIT_CONVERSION = YES;
				GCC_WARN_ABOUT_RETURN_TYPE = YES_ERROR;
				GCC_WARN_UNDECLARED_SELECTOR = YES;
				GCC_WARN_UNINITIALIZED_AUTOS = YES_AGGRESSIVE;
				GCC_WARN_UNUSED_FUNCTION = YES;
				GCC_WARN_UNUSED_VARIABLE = YES;
				IPHONEOS_DEPLOYMENT_TARGET = 17.0;
				LOCALIZATION_PREFERS_STRING_CATALOGS = YES;
				MTL_ENABLE_DEBUG_INFO = INCLUDE_SOURCE;
				MTL_FAST_MATH = YES;
				ONLY_ACTIVE_ARCH = YES;
				SDKROOT = iphoneos;
				SWIFT_ACTIVE_COMPILATION_CONDITIONS = "DEBUG $(inherited)";
				SWIFT_OPTIMIZATION_LEVEL = "-Onone";
			};
			name = Debug;
		};
		0C50444E2BB054E500B0FF6C /* Release */ = {
			isa = XCBuildConfiguration;
			buildSettings = {
				ALWAYS_SEARCH_USER_PATHS = NO;
				ASSETCATALOG_COMPILER_GENERATE_SWIFT_ASSET_SYMBOL_EXTENSIONS = YES;
				CLANG_ANALYZER_NONNULL = YES;
				CLANG_ANALYZER_NUMBER_OBJECT_CONVERSION = YES_AGGRESSIVE;
				CLANG_CXX_LANGUAGE_STANDARD = "gnu++20";
				CLANG_ENABLE_MODULES = YES;
				CLANG_ENABLE_OBJC_ARC = YES;
				CLANG_ENABLE_OBJC_WEAK = YES;
				CLANG_WARN_BLOCK_CAPTURE_AUTORELEASING = YES;
				CLANG_WARN_BOOL_CONVERSION = YES;
				CLANG_WARN_COMMA = YES;
				CLANG_WARN_CONSTANT_CONVERSION = YES;
				CLANG_WARN_DEPRECATED_OBJC_IMPLEMENTATIONS = YES;
				CLANG_WARN_DIRECT_OBJC_ISA_USAGE = YES_ERROR;
				CLANG_WARN_DOCUMENTATION_COMMENTS = YES;
				CLANG_WARN_EMPTY_BODY = YES;
				CLANG_WARN_ENUM_CONVERSION = YES;
				CLANG_WARN_INFINITE_RECURSION = YES;
				CLANG_WARN_INT_CONVERSION = YES;
				CLANG_WARN_NON_LITERAL_NULL_CONVERSION = YES;
				CLANG_WARN_OBJC_IMPLICIT_RETAIN_SELF = YES;
				CLANG_WARN_OBJC_LITERAL_CONVERSION = YES;
				CLANG_WARN_OBJC_ROOT_CLASS = YES_ERROR;
				CLANG_WARN_QUOTED_INCLUDE_IN_FRAMEWORK_HEADER = YES;
				CLANG_WARN_RANGE_LOOP_ANALYSIS = YES;
				CLANG_WARN_STRICT_PROTOTYPES = YES;
				CLANG_WARN_SUSPICIOUS_MOVE = YES;
				CLANG_WARN_UNGUARDED_AVAILABILITY = YES_AGGRESSIVE;
				CLANG_WARN_UNREACHABLE_CODE = YES;
				CLANG_WARN__DUPLICATE_METHOD_MATCH = YES;
				COPY_PHASE_STRIP = NO;
				DEBUG_INFORMATION_FORMAT = "dwarf-with-dsym";
				ENABLE_NS_ASSERTIONS = NO;
				ENABLE_STRICT_OBJC_MSGSEND = YES;
				ENABLE_USER_SCRIPT_SANDBOXING = NO;
				GCC_C_LANGUAGE_STANDARD = gnu17;
				GCC_NO_COMMON_BLOCKS = YES;
				GCC_WARN_64_TO_32_BIT_CONVERSION = YES;
				GCC_WARN_ABOUT_RETURN_TYPE = YES_ERROR;
				GCC_WARN_UNDECLARED_SELECTOR = YES;
				GCC_WARN_UNINITIALIZED_AUTOS = YES_AGGRESSIVE;
				GCC_WARN_UNUSED_FUNCTION = YES;
				GCC_WARN_UNUSED_VARIABLE = YES;
				IPHONEOS_DEPLOYMENT_TARGET = 17.0;
				LOCALIZATION_PREFERS_STRING_CATALOGS = YES;
				MTL_ENABLE_DEBUG_INFO = NO;
				MTL_FAST_MATH = YES;
				SDKROOT = iphoneos;
				SWIFT_COMPILATION_MODE = wholemodule;
				VALIDATE_PRODUCT = YES;
			};
			name = Release;
		};
		0C5044502BB054E500B0FF6C /* Debug */ = {
			isa = XCBuildConfiguration;
			baseConfigurationReference = 17E61DD2EA745BE26DC97D36 /* Pods-FilmBox.debug.xcconfig */;
			buildSettings = {
				ASSETCATALOG_COMPILER_APPICON_NAME = AppIcon;
				ASSETCATALOG_COMPILER_GLOBAL_ACCENT_COLOR_NAME = AccentColor;
				CODE_SIGN_STYLE = Automatic;
				CURRENT_PROJECT_VERSION = 1;
				DEVELOPMENT_TEAM = 8YUV48A6RV;
				GENERATE_INFOPLIST_FILE = YES;
				INFOPLIST_FILE = FilmBox/Info.plist;
				INFOPLIST_KEY_UIApplicationSupportsIndirectInputEvents = YES;
				INFOPLIST_KEY_UILaunchStoryboardName = LaunchScreen;
				INFOPLIST_KEY_UISupportedInterfaceOrientations_iPad = "UIInterfaceOrientationPortrait UIInterfaceOrientationPortraitUpsideDown UIInterfaceOrientationLandscapeLeft UIInterfaceOrientationLandscapeRight";
				INFOPLIST_KEY_UISupportedInterfaceOrientations_iPhone = "UIInterfaceOrientationPortrait UIInterfaceOrientationLandscapeLeft UIInterfaceOrientationLandscapeRight";
				LD_RUNPATH_SEARCH_PATHS = (
					"$(inherited)",
					"@executable_path/Frameworks",
				);
				MARKETING_VERSION = 1.0;
				PRODUCT_BUNDLE_IDENTIFIER = ru.FilmBox;
				PRODUCT_NAME = "$(TARGET_NAME)";
				SWIFT_EMIT_LOC_STRINGS = YES;
				SWIFT_VERSION = 5.0;
				TARGETED_DEVICE_FAMILY = "1,2";
			};
			name = Debug;
		};
		0C5044512BB054E500B0FF6C /* Release */ = {
			isa = XCBuildConfiguration;
			baseConfigurationReference = 69498B13401076C4333C7CC1 /* Pods-FilmBox.release.xcconfig */;
			buildSettings = {
				ASSETCATALOG_COMPILER_APPICON_NAME = AppIcon;
				ASSETCATALOG_COMPILER_GLOBAL_ACCENT_COLOR_NAME = AccentColor;
				CODE_SIGN_STYLE = Automatic;
				CURRENT_PROJECT_VERSION = 1;
				DEVELOPMENT_TEAM = 8YUV48A6RV;
				GENERATE_INFOPLIST_FILE = YES;
				INFOPLIST_FILE = FilmBox/Info.plist;
				INFOPLIST_KEY_UIApplicationSupportsIndirectInputEvents = YES;
				INFOPLIST_KEY_UILaunchStoryboardName = LaunchScreen;
				INFOPLIST_KEY_UISupportedInterfaceOrientations_iPad = "UIInterfaceOrientationPortrait UIInterfaceOrientationPortraitUpsideDown UIInterfaceOrientationLandscapeLeft UIInterfaceOrientationLandscapeRight";
				INFOPLIST_KEY_UISupportedInterfaceOrientations_iPhone = "UIInterfaceOrientationPortrait UIInterfaceOrientationLandscapeLeft UIInterfaceOrientationLandscapeRight";
				LD_RUNPATH_SEARCH_PATHS = (
					"$(inherited)",
					"@executable_path/Frameworks",
				);
				MARKETING_VERSION = 1.0;
				PRODUCT_BUNDLE_IDENTIFIER = ru.FilmBox;
				PRODUCT_NAME = "$(TARGET_NAME)";
				SWIFT_EMIT_LOC_STRINGS = YES;
				SWIFT_VERSION = 5.0;
				TARGETED_DEVICE_FAMILY = "1,2";
			};
			name = Release;
		};
/* End XCBuildConfiguration section */

/* Begin XCConfigurationList section */
		0C5044362BB054E300B0FF6C /* Build configuration list for PBXProject "FilmBox" */ = {
			isa = XCConfigurationList;
			buildConfigurations = (
				0C50444D2BB054E500B0FF6C /* Debug */,
				0C50444E2BB054E500B0FF6C /* Release */,
			);
			defaultConfigurationIsVisible = 0;
			defaultConfigurationName = Release;
		};
		0C50444F2BB054E500B0FF6C /* Build configuration list for PBXNativeTarget "FilmBox" */ = {
			isa = XCConfigurationList;
			buildConfigurations = (
				0C5044502BB054E500B0FF6C /* Debug */,
				0C5044512BB054E500B0FF6C /* Release */,
			);
			defaultConfigurationIsVisible = 0;
			defaultConfigurationName = Release;
		};
/* End XCConfigurationList section */
	};
	rootObject = 0C5044332BB054E300B0FF6C /* Project object */;
}
